
Microsoft Visual Studio Solution File, Format Version 12.00
# Visual Studio Version 17
VisualStudioVersion = 17.7.34024.191
MinimumVisualStudioVersion = 10.0.40219.1
Project("{FAE04EC0-301F-11D3-BF4B-00C04F79EFBC}") = "LabWork", "Tasks\LabWork.csproj", "{7F7BFEAA-405F-40C6-9B2D-AD18B0AAE6E1}"
EndProject
Project("{FAE04EC0-301F-11D3-BF4B-00C04F79EFBC}") = "Taskss", "Taskss\Taskss.csproj", "{32185574-814F-466A-A08C-60FB318A2924}"
EndProject
Global
	GlobalSection(SolutionConfigurationPlatforms) = preSolution
		Debug|Any CPU = Debug|Any CPU
		Release|Any CPU = Release|Any CPU
	EndGlobalSection
	GlobalSection(ProjectConfigurationPlatforms) = postSolution
		{7F7BFEAA-405F-40C6-9B2D-AD18B0AAE6E1}.Debug|Any CPU.ActiveCfg = Debug|Any CPU
		{7F7BFEAA-405F-40C6-9B2D-AD18B0AAE6E1}.Debug|Any CPU.Build.0 = Debug|Any CPU
		{7F7BFEAA-405F-40C6-9B2D-AD18B0AAE6E1}.Release|Any CPU.ActiveCfg = Release|Any CPU
		{7F7BFEAA-405F-40C6-9B2D-AD18B0AAE6E1}.Release|Any CPU.Build.0 = Release|Any CPU
		{32185574-814F-466A-A08C-60FB318A2924}.Debug|Any CPU.ActiveCfg = Debug|Any CPU
		{32185574-814F-466A-A08C-60FB318A2924}.Debug|Any CPU.Build.0 = Debug|Any CPU
		{32185574-814F-466A-A08C-60FB318A2924}.Release|Any CPU.ActiveCfg = Release|Any CPU
		{32185574-814F-466A-A08C-60FB318A2924}.Release|Any CPU.Build.0 = Release|Any CPU
	EndGlobalSection
	GlobalSection(SolutionProperties) = preSolution
		HideSolutionNode = FALSE
	EndGlobalSection
	GlobalSection(ExtensibilityGlobals) = postSolution
		SolutionGuid = {F479FD95-14FA-4A47-93F1-366C518EFA0D}
	EndGlobalSection
EndGlobal
